
Microsoft Visual Studio Solution File, Format Version 12.00
# Visual Studio Version 17
VisualStudioVersion = 17.5.002.0
MinimumVisualStudioVersion = 10.0.40219.1
Project("{9A19103F-16F7-4668-BE54-9A1E7A4F7556}") = "Excercicio1", "Excercicio1.csproj", "{4525F6E1-AFDC-4307-A1B7-F5E297BA6A15}"
EndProject
Global
	GlobalSection(SolutionConfigurationPlatforms) = preSolution
		Debug|Any CPU = Debug|Any CPU
		Release|Any CPU = Release|Any CPU
	EndGlobalSection
	GlobalSection(ProjectConfigurationPlatforms) = postSolution
		{4525F6E1-AFDC-4307-A1B7-F5E297BA6A15}.Debug|Any CPU.ActiveCfg = Debug|Any CPU
		{4525F6E1-AFDC-4307-A1B7-F5E297BA6A15}.Debug|Any CPU.Build.0 = Debug|Any CPU
		{4525F6E1-AFDC-4307-A1B7-F5E297BA6A15}.Release|Any CPU.ActiveCfg = Release|Any CPU
		{4525F6E1-AFDC-4307-A1B7-F5E297BA6A15}.Release|Any CPU.Build.0 = Release|Any CPU
	EndGlobalSection
	GlobalSection(SolutionProperties) = preSolution
		HideSolutionNode = FALSE
	EndGlobalSection
	GlobalSection(ExtensibilityGlobals) = postSolution
		SolutionGuid = {AE640B4A-C2AF-4D40-84DE-0B3D4002BAAF}
	EndGlobalSection
EndGlobal
