
Microsoft Visual Studio Solution File, Format Version 12.00
# Visual Studio Version 17
VisualStudioVersion = 17.5.002.0
MinimumVisualStudioVersion = 10.0.40219.1
Project("{9A19103F-16F7-4668-BE54-9A1E7A4F7556}") = "Excercicio2", "Excercicio2.csproj", "{55F8B271-9FEF-4D97-A3D3-90F56C9D33E3}"
EndProject
Global
	GlobalSection(SolutionConfigurationPlatforms) = preSolution
		Debug|Any CPU = Debug|Any CPU
		Release|Any CPU = Release|Any CPU
	EndGlobalSection
	GlobalSection(ProjectConfigurationPlatforms) = postSolution
		{55F8B271-9FEF-4D97-A3D3-90F56C9D33E3}.Debug|Any CPU.ActiveCfg = Debug|Any CPU
		{55F8B271-9FEF-4D97-A3D3-90F56C9D33E3}.Debug|Any CPU.Build.0 = Debug|Any CPU
		{55F8B271-9FEF-4D97-A3D3-90F56C9D33E3}.Release|Any CPU.ActiveCfg = Release|Any CPU
		{55F8B271-9FEF-4D97-A3D3-90F56C9D33E3}.Release|Any CPU.Build.0 = Release|Any CPU
	EndGlobalSection
	GlobalSection(SolutionProperties) = preSolution
		HideSolutionNode = FALSE
	EndGlobalSection
	GlobalSection(ExtensibilityGlobals) = postSolution
		SolutionGuid = {8210B12F-1A82-4802-AFFF-20CD4E4E17B7}
	EndGlobalSection
EndGlobal
