
Microsoft Visual Studio Solution File, Format Version 12.00
# Visual Studio Version 17
VisualStudioVersion = 17.5.002.0
MinimumVisualStudioVersion = 10.0.40219.1
Project("{9A19103F-16F7-4668-BE54-9A1E7A4F7556}") = "Excercicio3", "Excercicio3.csproj", "{B790FCB9-CEDD-47A2-B352-A01D5657B2FC}"
EndProject
Global
	GlobalSection(SolutionConfigurationPlatforms) = preSolution
		Debug|Any CPU = Debug|Any CPU
		Release|Any CPU = Release|Any CPU
	EndGlobalSection
	GlobalSection(ProjectConfigurationPlatforms) = postSolution
		{B790FCB9-CEDD-47A2-B352-A01D5657B2FC}.Debug|Any CPU.ActiveCfg = Debug|Any CPU
		{B790FCB9-CEDD-47A2-B352-A01D5657B2FC}.Debug|Any CPU.Build.0 = Debug|Any CPU
		{B790FCB9-CEDD-47A2-B352-A01D5657B2FC}.Release|Any CPU.ActiveCfg = Release|Any CPU
		{B790FCB9-CEDD-47A2-B352-A01D5657B2FC}.Release|Any CPU.Build.0 = Release|Any CPU
	EndGlobalSection
	GlobalSection(SolutionProperties) = preSolution
		HideSolutionNode = FALSE
	EndGlobalSection
	GlobalSection(ExtensibilityGlobals) = postSolution
		SolutionGuid = {CC8F5797-DD94-49C7-B151-A823680A47C0}
	EndGlobalSection
EndGlobal
